
Microsoft Visual Studio Solution File, Format Version 12.00
# Visual Studio 15
VisualStudioVersion = 15.0.28307.1525
MinimumVisualStudioVersion = 10.0.40219.1
Project("{8BC9CEB8-8B4A-11D0-8D11-00A0C91BC942}") = "PgrExport", "PgrExport\PgrExport.vcxproj", "{D5830DF4-4251-4EB1-B322-ECF1D54F8D55}"
EndProject
Project("{8BC9CEB8-8B4A-11D0-8D11-00A0C91BC942}") = "Wk2Day", "Wk2Day\Wk2Day.vcxproj", "{3291E1DF-A437-4BFF-AD30-13C7BD0A9D53}"
EndProject
Project("{8BC9CEB8-8B4A-11D0-8D11-00A0C91BC942}") = "QtRawCombin", "QtRawCombin\QtRawCombin.vcxproj", "{5BCE2384-69DB-45C3-BA7B-12B214322103}"
EndProject
Project("{8BC9CEB8-8B4A-11D0-8D11-00A0C91BC942}") = "NetControl", "NetControl\NetControl.vcxproj", "{4739E4D4-0997-4988-89AE-96953CF5F54E}"
EndProject
Global
	GlobalSection(SolutionConfigurationPlatforms) = preSolution
		Debug|x64 = Debug|x64
		Release|x64 = Release|x64
	EndGlobalSection
	GlobalSection(ProjectConfigurationPlatforms) = postSolution
		{D5830DF4-4251-4EB1-B322-ECF1D54F8D55}.Debug|x64.ActiveCfg = Debug|x64
		{D5830DF4-4251-4EB1-B322-ECF1D54F8D55}.Debug|x64.Build.0 = Debug|x64
		{D5830DF4-4251-4EB1-B322-ECF1D54F8D55}.Release|x64.ActiveCfg = Release|x64
		{D5830DF4-4251-4EB1-B322-ECF1D54F8D55}.Release|x64.Build.0 = Release|x64
		{3291E1DF-A437-4BFF-AD30-13C7BD0A9D53}.Debug|x64.ActiveCfg = Debug|x64
		{3291E1DF-A437-4BFF-AD30-13C7BD0A9D53}.Debug|x64.Build.0 = Debug|x64
		{3291E1DF-A437-4BFF-AD30-13C7BD0A9D53}.Release|x64.ActiveCfg = Release|x64
		{3291E1DF-A437-4BFF-AD30-13C7BD0A9D53}.Release|x64.Build.0 = Release|x64
		{5BCE2384-69DB-45C3-BA7B-12B214322103}.Debug|x64.ActiveCfg = Debug|x64
		{5BCE2384-69DB-45C3-BA7B-12B214322103}.Debug|x64.Build.0 = Debug|x64
		{5BCE2384-69DB-45C3-BA7B-12B214322103}.Release|x64.ActiveCfg = Release|x64
		{5BCE2384-69DB-45C3-BA7B-12B214322103}.Release|x64.Build.0 = Release|x64
		{4739E4D4-0997-4988-89AE-96953CF5F54E}.Debug|x64.ActiveCfg = Debug|x64
		{4739E4D4-0997-4988-89AE-96953CF5F54E}.Debug|x64.Build.0 = Debug|x64
		{4739E4D4-0997-4988-89AE-96953CF5F54E}.Release|x64.ActiveCfg = Release|x64
		{4739E4D4-0997-4988-89AE-96953CF5F54E}.Release|x64.Build.0 = Release|x64
	EndGlobalSection
	GlobalSection(SolutionProperties) = preSolution
		HideSolutionNode = FALSE
	EndGlobalSection
	GlobalSection(ExtensibilityGlobals) = postSolution
		SolutionGuid = {96A53FE9-C165-4F9B-94B5-DB130363B701}
	EndGlobalSection
EndGlobal
